
Microsoft Visual Studio Solution File, Format Version 12.00
# Visual Studio Version 16
VisualStudioVersion = 16.0.28803.452
MinimumVisualStudioVersion = 10.0.40219.1
Project("{9A19103F-16F7-4668-BE54-9A1E7A4F7556}") = "GourmeJunk.Web", "Web\GourmeJunk.Web\GourmeJunk.Web.csproj", "{BFE19988-E9A1-48FB-A88C-62CD9E8EB0A4}"
EndProject
Project("{2150E333-8FDC-42A3-9474-1A3956D46DE8}") = "Web", "Web", "{FF4A3657-AF69-4F7F-B72C-3A3A5F211927}"
EndProject
Project("{2150E333-8FDC-42A3-9474-1A3956D46DE8}") = "Data", "Data", "{AE8A758F-F3CD-450E-A44B-2E7F907F3A64}"
EndProject
Project("{2150E333-8FDC-42A3-9474-1A3956D46DE8}") = "Services", "Services", "{FCEB9F78-6FA8-41EC-BDCA-4126E969A064}"
EndProject
Project("{2150E333-8FDC-42A3-9474-1A3956D46DE8}") = "Tests", "Tests", "{C30EDF90-ED97-47CA-8F2F-3CEBF161BE70}"
EndProject
Project("{9A19103F-16F7-4668-BE54-9A1E7A4F7556}") = "GourmeJunk.Common", "GourmeJunk.Common\GourmeJunk.Common.csproj", "{C9B3777F-56C5-4B54-8635-CD80B8506583}"
EndProject
Project("{9A19103F-16F7-4668-BE54-9A1E7A4F7556}") = "GourmeJunk.Data.Common", "Data\GourmeJunk.Data.Common\GourmeJunk.Data.Common.csproj", "{18380FE5-3545-427A-8A24-67F0FC68F105}"
EndProject
Project("{9A19103F-16F7-4668-BE54-9A1E7A4F7556}") = "GourmeJunk.Data.Models", "Data\GourmeJunk.Data.Models\GourmeJunk.Data.Models.csproj", "{2C47354B-8520-4B24-9C8E-014C3DD99084}"
EndProject
Project("{9A19103F-16F7-4668-BE54-9A1E7A4F7556}") = "GourmeJunk.Data", "Data\GourmeJunk.Data\GourmeJunk.Data.csproj", "{8666989A-7343-47AF-BF39-9CFCC7067E4B}"
EndProject
Project("{9A19103F-16F7-4668-BE54-9A1E7A4F7556}") = "GourmeJunk.Services.Data", "Services\GourmeJunk.Services.Data\GourmeJunk.Services.Data.csproj", "{1E5BFF66-E74C-49D7-8EBB-8BE186899EC8}"
EndProject
Project("{9A19103F-16F7-4668-BE54-9A1E7A4F7556}") = "GourmeJunk.Services.Mapping", "Services\GourmeJunk.Services.Mapping\GourmeJunk.Services.Mapping.csproj", "{1A89F849-8EE0-4507-8EE7-73635D5127D6}"
EndProject
Project("{2150E333-8FDC-42A3-9474-1A3956D46DE8}") = "Models", "Models", "{7A009C9C-3FA4-402A-8857-9B564951B869}"
EndProject
Project("{9A19103F-16F7-4668-BE54-9A1E7A4F7556}") = "GourmeJunk.Models.Common", "Models\GourmeJunk.Models.Common\GourmeJunk.Models.Common.csproj", "{5DD3DB85-AF29-4311-B0AD-2EF446889932}"
EndProject
Project("{9A19103F-16F7-4668-BE54-9A1E7A4F7556}") = "GourmeJunk.Models.InputModels", "Models\GourmeJunk.Models.InputModels\GourmeJunk.Models.InputModels.csproj", "{764B18AF-6F3D-4197-84B5-EFDEA668BAD0}"
EndProject
Project("{9A19103F-16F7-4668-BE54-9A1E7A4F7556}") = "GourmeJunk.Models.ViewModels", "Models\GourmeJunk.Models.ViewModels\GourmeJunk.Models.ViewModels.csproj", "{71AEA491-B6E9-4047-BEFB-EFF7C4B74EA1}"
EndProject
Project("{9A19103F-16F7-4668-BE54-9A1E7A4F7556}") = "GourmeJunk.Services", "Services\GourmeJunk.Services\GourmeJunk.Services.csproj", "{C42AB0A6-B7BD-46FA-9C03-594074ACB3A9}"
EndProject
Project("{FAE04EC0-301F-11D3-BF4B-00C04F79EFBC}") = "GourmeJunk.Services.Tests", "Tests\GourmeJunk.Services.Tests\GourmeJunk.Services.Tests.csproj", "{C1AD4462-856C-4FBF-A3D6-FF779192A499}"
EndProject
Global
	GlobalSection(SolutionConfigurationPlatforms) = preSolution
		Debug|Any CPU = Debug|Any CPU
		Release|Any CPU = Release|Any CPU
	EndGlobalSection
	GlobalSection(ProjectConfigurationPlatforms) = postSolution
		{BFE19988-E9A1-48FB-A88C-62CD9E8EB0A4}.Debug|Any CPU.ActiveCfg = Debug|Any CPU
		{BFE19988-E9A1-48FB-A88C-62CD9E8EB0A4}.Debug|Any CPU.Build.0 = Debug|Any CPU
		{BFE19988-E9A1-48FB-A88C-62CD9E8EB0A4}.Release|Any CPU.ActiveCfg = Release|Any CPU
		{BFE19988-E9A1-48FB-A88C-62CD9E8EB0A4}.Release|Any CPU.Build.0 = Release|Any CPU
		{C9B3777F-56C5-4B54-8635-CD80B8506583}.Debug|Any CPU.ActiveCfg = Debug|Any CPU
		{C9B3777F-56C5-4B54-8635-CD80B8506583}.Debug|Any CPU.Build.0 = Debug|Any CPU
		{C9B3777F-56C5-4B54-8635-CD80B8506583}.Release|Any CPU.ActiveCfg = Release|Any CPU
		{C9B3777F-56C5-4B54-8635-CD80B8506583}.Release|Any CPU.Build.0 = Release|Any CPU
		{18380FE5-3545-427A-8A24-67F0FC68F105}.Debug|Any CPU.ActiveCfg = Debug|Any CPU
		{18380FE5-3545-427A-8A24-67F0FC68F105}.Debug|Any CPU.Build.0 = Debug|Any CPU
		{18380FE5-3545-427A-8A24-67F0FC68F105}.Release|Any CPU.ActiveCfg = Release|Any CPU
		{18380FE5-3545-427A-8A24-67F0FC68F105}.Release|Any CPU.Build.0 = Release|Any CPU
		{2C47354B-8520-4B24-9C8E-014C3DD99084}.Debug|Any CPU.ActiveCfg = Debug|Any CPU
		{2C47354B-8520-4B24-9C8E-014C3DD99084}.Debug|Any CPU.Build.0 = Debug|Any CPU
		{2C47354B-8520-4B24-9C8E-014C3DD99084}.Release|Any CPU.ActiveCfg = Release|Any CPU
		{2C47354B-8520-4B24-9C8E-014C3DD99084}.Release|Any CPU.Build.0 = Release|Any CPU
		{8666989A-7343-47AF-BF39-9CFCC7067E4B}.Debug|Any CPU.ActiveCfg = Debug|Any CPU
		{8666989A-7343-47AF-BF39-9CFCC7067E4B}.Debug|Any CPU.Build.0 = Debug|Any CPU
		{8666989A-7343-47AF-BF39-9CFCC7067E4B}.Release|Any CPU.ActiveCfg = Release|Any CPU
		{8666989A-7343-47AF-BF39-9CFCC7067E4B}.Release|Any CPU.Build.0 = Release|Any CPU
		{1E5BFF66-E74C-49D7-8EBB-8BE186899EC8}.Debug|Any CPU.ActiveCfg = Debug|Any CPU
		{1E5BFF66-E74C-49D7-8EBB-8BE186899EC8}.Debug|Any CPU.Build.0 = Debug|Any CPU
		{1E5BFF66-E74C-49D7-8EBB-8BE186899EC8}.Release|Any CPU.ActiveCfg = Release|Any CPU
		{1E5BFF66-E74C-49D7-8EBB-8BE186899EC8}.Release|Any CPU.Build.0 = Release|Any CPU
		{1A89F849-8EE0-4507-8EE7-73635D5127D6}.Debug|Any CPU.ActiveCfg = Debug|Any CPU
		{1A89F849-8EE0-4507-8EE7-73635D5127D6}.Debug|Any CPU.Build.0 = Debug|Any CPU
		{1A89F849-8EE0-4507-8EE7-73635D5127D6}.Release|Any CPU.ActiveCfg = Release|Any CPU
		{1A89F849-8EE0-4507-8EE7-73635D5127D6}.Release|Any CPU.Build.0 = Release|Any CPU
		{5DD3DB85-AF29-4311-B0AD-2EF446889932}.Debug|Any CPU.ActiveCfg = Debug|Any CPU
		{5DD3DB85-AF29-4311-B0AD-2EF446889932}.Debug|Any CPU.Build.0 = Debug|Any CPU
		{5DD3DB85-AF29-4311-B0AD-2EF446889932}.Release|Any CPU.ActiveCfg = Release|Any CPU
		{5DD3DB85-AF29-4311-B0AD-2EF446889932}.Release|Any CPU.Build.0 = Release|Any CPU
		{764B18AF-6F3D-4197-84B5-EFDEA668BAD0}.Debug|Any CPU.ActiveCfg = Debug|Any CPU
		{764B18AF-6F3D-4197-84B5-EFDEA668BAD0}.Debug|Any CPU.Build.0 = Debug|Any CPU
		{764B18AF-6F3D-4197-84B5-EFDEA668BAD0}.Release|Any CPU.ActiveCfg = Release|Any CPU
		{764B18AF-6F3D-4197-84B5-EFDEA668BAD0}.Release|Any CPU.Build.0 = Release|Any CPU
		{71AEA491-B6E9-4047-BEFB-EFF7C4B74EA1}.Debug|Any CPU.ActiveCfg = Debug|Any CPU
		{71AEA491-B6E9-4047-BEFB-EFF7C4B74EA1}.Debug|Any CPU.Build.0 = Debug|Any CPU
		{71AEA491-B6E9-4047-BEFB-EFF7C4B74EA1}.Release|Any CPU.ActiveCfg = Release|Any CPU
		{71AEA491-B6E9-4047-BEFB-EFF7C4B74EA1}.Release|Any CPU.Build.0 = Release|Any CPU
		{C42AB0A6-B7BD-46FA-9C03-594074ACB3A9}.Debug|Any CPU.ActiveCfg = Debug|Any CPU
		{C42AB0A6-B7BD-46FA-9C03-594074ACB3A9}.Debug|Any CPU.Build.0 = Debug|Any CPU
		{C42AB0A6-B7BD-46FA-9C03-594074ACB3A9}.Release|Any CPU.ActiveCfg = Release|Any CPU
		{C42AB0A6-B7BD-46FA-9C03-594074ACB3A9}.Release|Any CPU.Build.0 = Release|Any CPU
		{C1AD4462-856C-4FBF-A3D6-FF779192A499}.Debug|Any CPU.ActiveCfg = Debug|Any CPU
		{C1AD4462-856C-4FBF-A3D6-FF779192A499}.Debug|Any CPU.Build.0 = Debug|Any CPU
		{C1AD4462-856C-4FBF-A3D6-FF779192A499}.Release|Any CPU.ActiveCfg = Release|Any CPU
		{C1AD4462-856C-4FBF-A3D6-FF779192A499}.Release|Any CPU.Build.0 = Release|Any CPU
	EndGlobalSection
	GlobalSection(SolutionProperties) = preSolution
		HideSolutionNode = FALSE
	EndGlobalSection
	GlobalSection(NestedProjects) = preSolution
		{BFE19988-E9A1-48FB-A88C-62CD9E8EB0A4} = {FF4A3657-AF69-4F7F-B72C-3A3A5F211927}
		{18380FE5-3545-427A-8A24-67F0FC68F105} = {AE8A758F-F3CD-450E-A44B-2E7F907F3A64}
		{2C47354B-8520-4B24-9C8E-014C3DD99084} = {AE8A758F-F3CD-450E-A44B-2E7F907F3A64}
		{8666989A-7343-47AF-BF39-9CFCC7067E4B} = {AE8A758F-F3CD-450E-A44B-2E7F907F3A64}
		{1E5BFF66-E74C-49D7-8EBB-8BE186899EC8} = {FCEB9F78-6FA8-41EC-BDCA-4126E969A064}
		{1A89F849-8EE0-4507-8EE7-73635D5127D6} = {FCEB9F78-6FA8-41EC-BDCA-4126E969A064}
		{5DD3DB85-AF29-4311-B0AD-2EF446889932} = {7A009C9C-3FA4-402A-8857-9B564951B869}
		{764B18AF-6F3D-4197-84B5-EFDEA668BAD0} = {7A009C9C-3FA4-402A-8857-9B564951B869}
		{71AEA491-B6E9-4047-BEFB-EFF7C4B74EA1} = {7A009C9C-3FA4-402A-8857-9B564951B869}
		{C42AB0A6-B7BD-46FA-9C03-594074ACB3A9} = {FCEB9F78-6FA8-41EC-BDCA-4126E969A064}
		{C1AD4462-856C-4FBF-A3D6-FF779192A499} = {C30EDF90-ED97-47CA-8F2F-3CEBF161BE70}
	EndGlobalSection
	GlobalSection(ExtensibilityGlobals) = postSolution
		SolutionGuid = {C9B65A0B-1731-451C-B317-EA3866B1C46C}
	EndGlobalSection
EndGlobal
