
Microsoft Visual Studio Solution File, Format Version 12.00
# Visual Studio Version 16
VisualStudioVersion = 16.0.28803.452
MinimumVisualStudioVersion = 10.0.40219.1
Project("{9A19103F-16F7-4668-BE54-9A1E7A4F7556}") = "GourmeJunk.Web", "Web\GourmeJunk.Web\GourmeJunk.Web.csproj", "{BFE19988-E9A1-48FB-A88C-62CD9E8EB0A4}"
EndProject
Project("{2150E333-8FDC-42A3-9474-1A3956D46DE8}") = "Web", "Web", "{FF4A3657-AF69-4F7F-B72C-3A3A5F211927}"
EndProject
Project("{2150E333-8FDC-42A3-9474-1A3956D46DE8}") = "Data", "Data", "{AE8A758F-F3CD-450E-A44B-2E7F907F3A64}"
EndProject
Project("{2150E333-8FDC-42A3-9474-1A3956D46DE8}") = "Services", "Services", "{FCEB9F78-6FA8-41EC-BDCA-4126E969A064}"
EndProject
Project("{2150E333-8FDC-42A3-9474-1A3956D46DE8}") = "Tests", "Tests", "{C30EDF90-ED97-47CA-8F2F-3CEBF161BE70}"
EndProject
Project("{FAE04EC0-301F-11D3-BF4B-00C04F79EFBC}") = "GourmeJunk.Common", "GourmeJunk.Common\GourmeJunk.Common.csproj", "{C9B3777F-56C5-4B54-8635-CD80B8506583}"
EndProject
Project("{FAE04EC0-301F-11D3-BF4B-00C04F79EFBC}") = "GourmeJunk.Data.Common", "Data\GourmeJunk.Data.Common\GourmeJunk.Data.Common.csproj", "{18380FE5-3545-427A-8A24-67F0FC68F105}"
EndProject
Global
	GlobalSection(SolutionConfigurationPlatforms) = preSolution
		Debug|Any CPU = Debug|Any CPU
		Release|Any CPU = Release|Any CPU
	EndGlobalSection
	GlobalSection(ProjectConfigurationPlatforms) = postSolution
		{BFE19988-E9A1-48FB-A88C-62CD9E8EB0A4}.Debug|Any CPU.ActiveCfg = Debug|Any CPU
		{BFE19988-E9A1-48FB-A88C-62CD9E8EB0A4}.Debug|Any CPU.Build.0 = Debug|Any CPU
		{BFE19988-E9A1-48FB-A88C-62CD9E8EB0A4}.Release|Any CPU.ActiveCfg = Release|Any CPU
		{BFE19988-E9A1-48FB-A88C-62CD9E8EB0A4}.Release|Any CPU.Build.0 = Release|Any CPU
		{C9B3777F-56C5-4B54-8635-CD80B8506583}.Debug|Any CPU.ActiveCfg = Debug|Any CPU
		{C9B3777F-56C5-4B54-8635-CD80B8506583}.Debug|Any CPU.Build.0 = Debug|Any CPU
		{C9B3777F-56C5-4B54-8635-CD80B8506583}.Release|Any CPU.ActiveCfg = Release|Any CPU
		{C9B3777F-56C5-4B54-8635-CD80B8506583}.Release|Any CPU.Build.0 = Release|Any CPU
		{18380FE5-3545-427A-8A24-67F0FC68F105}.Debug|Any CPU.ActiveCfg = Debug|Any CPU
		{18380FE5-3545-427A-8A24-67F0FC68F105}.Debug|Any CPU.Build.0 = Debug|Any CPU
		{18380FE5-3545-427A-8A24-67F0FC68F105}.Release|Any CPU.ActiveCfg = Release|Any CPU
		{18380FE5-3545-427A-8A24-67F0FC68F105}.Release|Any CPU.Build.0 = Release|Any CPU
	EndGlobalSection
	GlobalSection(SolutionProperties) = preSolution
		HideSolutionNode = FALSE
	EndGlobalSection
	GlobalSection(NestedProjects) = preSolution
		{BFE19988-E9A1-48FB-A88C-62CD9E8EB0A4} = {FF4A3657-AF69-4F7F-B72C-3A3A5F211927}
		{18380FE5-3545-427A-8A24-67F0FC68F105} = {AE8A758F-F3CD-450E-A44B-2E7F907F3A64}
	EndGlobalSection
	GlobalSection(ExtensibilityGlobals) = postSolution
		SolutionGuid = {C9B65A0B-1731-451C-B317-EA3866B1C46C}
	EndGlobalSection
EndGlobal
